
Microsoft Visual Studio Solution File, Format Version 12.00
# Visual Studio Version 17
VisualStudioVersion = 17.3.32922.545
MinimumVisualStudioVersion = 10.0.40219.1
Project("{9A19103F-16F7-4668-BE54-9A1E7A4F7556}") = "Service", "Service\Service.csproj", "{6F962C11-EED2-468B-A4E9-CF20EE877E99}"
EndProject
Project("{9A19103F-16F7-4668-BE54-9A1E7A4F7556}") = "ApiHelpers", "ApiHelpers\ApiHelpers.csproj", "{77EDCA17-8A74-46C9-881B-BFBF56E6057D}"
EndProject
Project("{9A19103F-16F7-4668-BE54-9A1E7A4F7556}") = "HostedFidoApi", "HostedFidoApi\HostedFidoApi.csproj", "{67940251-EED0-4D8B-A733-51C893390A65}"
EndProject
Project("{9A19103F-16F7-4668-BE54-9A1E7A4F7556}") = "TableExporter", "TableExporter\TableExporter.csproj", "{1516578B-D3F5-476F-A918-62D9695EA005}"
EndProject
Project("{FAE04EC0-301F-11D3-BF4B-00C04F79EFBC}") = "HostedFidoApi.IntegrationTests", "HostedFidoApi.IntegrationTests\HostedFidoApi.IntegrationTests.csproj", "{3C8BC355-5D8D-4FDA-AD17-2FC163B92A4C}"
EndProject
Global
	GlobalSection(SolutionConfigurationPlatforms) = preSolution
		Debug|Any CPU = Debug|Any CPU
		Release|Any CPU = Release|Any CPU
	EndGlobalSection
	GlobalSection(ProjectConfigurationPlatforms) = postSolution
		{6F962C11-EED2-468B-A4E9-CF20EE877E99}.Debug|Any CPU.ActiveCfg = Debug|Any CPU
		{6F962C11-EED2-468B-A4E9-CF20EE877E99}.Debug|Any CPU.Build.0 = Debug|Any CPU
		{6F962C11-EED2-468B-A4E9-CF20EE877E99}.Release|Any CPU.ActiveCfg = Release|Any CPU
		{6F962C11-EED2-468B-A4E9-CF20EE877E99}.Release|Any CPU.Build.0 = Release|Any CPU
		{77EDCA17-8A74-46C9-881B-BFBF56E6057D}.Debug|Any CPU.ActiveCfg = Debug|Any CPU
		{77EDCA17-8A74-46C9-881B-BFBF56E6057D}.Debug|Any CPU.Build.0 = Debug|Any CPU
		{77EDCA17-8A74-46C9-881B-BFBF56E6057D}.Release|Any CPU.ActiveCfg = Release|Any CPU
		{77EDCA17-8A74-46C9-881B-BFBF56E6057D}.Release|Any CPU.Build.0 = Release|Any CPU
		{67940251-EED0-4D8B-A733-51C893390A65}.Debug|Any CPU.ActiveCfg = Debug|Any CPU
		{67940251-EED0-4D8B-A733-51C893390A65}.Debug|Any CPU.Build.0 = Debug|Any CPU
		{67940251-EED0-4D8B-A733-51C893390A65}.Release|Any CPU.ActiveCfg = Release|Any CPU
		{67940251-EED0-4D8B-A733-51C893390A65}.Release|Any CPU.Build.0 = Release|Any CPU
		{1516578B-D3F5-476F-A918-62D9695EA005}.Debug|Any CPU.ActiveCfg = Debug|Any CPU
		{1516578B-D3F5-476F-A918-62D9695EA005}.Debug|Any CPU.Build.0 = Debug|Any CPU
		{1516578B-D3F5-476F-A918-62D9695EA005}.Release|Any CPU.ActiveCfg = Release|Any CPU
		{1516578B-D3F5-476F-A918-62D9695EA005}.Release|Any CPU.Build.0 = Release|Any CPU
		{3C8BC355-5D8D-4FDA-AD17-2FC163B92A4C}.Debug|Any CPU.ActiveCfg = Debug|Any CPU
		{3C8BC355-5D8D-4FDA-AD17-2FC163B92A4C}.Debug|Any CPU.Build.0 = Debug|Any CPU
		{3C8BC355-5D8D-4FDA-AD17-2FC163B92A4C}.Release|Any CPU.ActiveCfg = Release|Any CPU
		{3C8BC355-5D8D-4FDA-AD17-2FC163B92A4C}.Release|Any CPU.Build.0 = Release|Any CPU
	EndGlobalSection
	GlobalSection(SolutionProperties) = preSolution
		HideSolutionNode = FALSE
	EndGlobalSection
	GlobalSection(ExtensibilityGlobals) = postSolution
		SolutionGuid = {B4A2A141-1065-4BB6-ACF1-8FFD44878732}
	EndGlobalSection
EndGlobal
