
Microsoft Visual Studio Solution File, Format Version 12.00
# Visual Studio Version 17
VisualStudioVersion = 17.3.32922.545
MinimumVisualStudioVersion = 10.0.40219.1
Project("{9A19103F-16F7-4668-BE54-9A1E7A4F7556}") = "Service", "src\Service\Service.csproj", "{6F962C11-EED2-468B-A4E9-CF20EE877E99}"
EndProject
Project("{9A19103F-16F7-4668-BE54-9A1E7A4F7556}") = "ApiHelpers", "src\ApiHelpers\ApiHelpers.csproj", "{77EDCA17-8A74-46C9-881B-BFBF56E6057D}"
EndProject
Project("{9A19103F-16F7-4668-BE54-9A1E7A4F7556}") = "Api", "src\Api\Api.csproj", "{67940251-EED0-4D8B-A733-51C893390A65}"
EndProject
Project("{9A19103F-16F7-4668-BE54-9A1E7A4F7556}") = "Api.IntegrationTests", "tests\Api.IntegrationTests\Api.IntegrationTests.csproj", "{3C8BC355-5D8D-4FDA-AD17-2FC163B92A4C}"
EndProject
Project("{9A19103F-16F7-4668-BE54-9A1E7A4F7556}") = "AdminConsole", "src\AdminConsole\AdminConsole.csproj", "{19FE0682-DA56-49F5-8C04-ECA06CC08F4B}"
EndProject
Project("{9A19103F-16F7-4668-BE54-9A1E7A4F7556}") = "AspNetCore", "src\AspNetCore\AspNetCore.csproj", "{F5612765-B863-4BE0-B691-9DCBC6DF733B}"
EndProject
Project("{2150E333-8FDC-42A3-9474-1A3956D46DE8}") = "tests", "tests", "{A5E8A3D4-EA0F-42EF-B78C-4340E430DF42}"
EndProject
Project("{9A19103F-16F7-4668-BE54-9A1E7A4F7556}") = "AspNetCore.Tests", "tests\AspNetCore.Tests\AspNetCore.Tests.csproj", "{F16D6DF7-3085-4100-A71C-CE88E9A9FB5D}"
EndProject
Project("{2150E333-8FDC-42A3-9474-1A3956D46DE8}") = "Solution Items", "Solution Items", "{8588682D-55D7-4272-B60D-0CB959C0E6FB}"
	ProjectSection(SolutionItems) = preProject
		.editorconfig = .editorconfig
	EndProjectSection
EndProject
Project("{FAE04EC0-301F-11D3-BF4B-00C04F79EFBC}") = "Api.Tests", "tests\Api.Tests\Api.Tests.csproj", "{C38C006F-89B8-4076-BFFC-F0AA99FB8560}"
EndProject
Project("{FAE04EC0-301F-11D3-BF4B-00C04F79EFBC}") = "Service.Tests", "tests\Service.Tests\Service.Tests.csproj", "{A5969EF2-0466-400F-87D4-DB56E2193566}"
EndProject
Project("{FAE04EC0-301F-11D3-BF4B-00C04F79EFBC}") = "Common", "src\Common\Common.csproj", "{52E9B743-6764-4BD5-9DE2-A8FC2A743E23}"
EndProject
Project("{FAE04EC0-301F-11D3-BF4B-00C04F79EFBC}") = "Common.Tests", "tests\Common.Tests\Common.Tests.csproj", "{E77FC7F6-3324-4CA4-8354-A04E0DE8C74A}"
EndProject
Global
	GlobalSection(SolutionConfigurationPlatforms) = preSolution
		Debug|Any CPU = Debug|Any CPU
		Release|Any CPU = Release|Any CPU
	EndGlobalSection
	GlobalSection(ProjectConfigurationPlatforms) = postSolution
		{6F962C11-EED2-468B-A4E9-CF20EE877E99}.Debug|Any CPU.ActiveCfg = Debug|Any CPU
		{6F962C11-EED2-468B-A4E9-CF20EE877E99}.Debug|Any CPU.Build.0 = Debug|Any CPU
		{6F962C11-EED2-468B-A4E9-CF20EE877E99}.Release|Any CPU.ActiveCfg = Release|Any CPU
		{6F962C11-EED2-468B-A4E9-CF20EE877E99}.Release|Any CPU.Build.0 = Release|Any CPU
		{77EDCA17-8A74-46C9-881B-BFBF56E6057D}.Debug|Any CPU.ActiveCfg = Debug|Any CPU
		{77EDCA17-8A74-46C9-881B-BFBF56E6057D}.Debug|Any CPU.Build.0 = Debug|Any CPU
		{77EDCA17-8A74-46C9-881B-BFBF56E6057D}.Release|Any CPU.ActiveCfg = Release|Any CPU
		{77EDCA17-8A74-46C9-881B-BFBF56E6057D}.Release|Any CPU.Build.0 = Release|Any CPU
		{67940251-EED0-4D8B-A733-51C893390A65}.Debug|Any CPU.ActiveCfg = Debug|Any CPU
		{67940251-EED0-4D8B-A733-51C893390A65}.Debug|Any CPU.Build.0 = Debug|Any CPU
		{67940251-EED0-4D8B-A733-51C893390A65}.Release|Any CPU.ActiveCfg = Release|Any CPU
		{67940251-EED0-4D8B-A733-51C893390A65}.Release|Any CPU.Build.0 = Release|Any CPU
		{3C8BC355-5D8D-4FDA-AD17-2FC163B92A4C}.Debug|Any CPU.ActiveCfg = Debug|Any CPU
		{3C8BC355-5D8D-4FDA-AD17-2FC163B92A4C}.Debug|Any CPU.Build.0 = Debug|Any CPU
		{3C8BC355-5D8D-4FDA-AD17-2FC163B92A4C}.Release|Any CPU.ActiveCfg = Release|Any CPU
		{3C8BC355-5D8D-4FDA-AD17-2FC163B92A4C}.Release|Any CPU.Build.0 = Release|Any CPU
		{19FE0682-DA56-49F5-8C04-ECA06CC08F4B}.Debug|Any CPU.ActiveCfg = Debug|Any CPU
		{19FE0682-DA56-49F5-8C04-ECA06CC08F4B}.Debug|Any CPU.Build.0 = Debug|Any CPU
		{19FE0682-DA56-49F5-8C04-ECA06CC08F4B}.Release|Any CPU.ActiveCfg = Release|Any CPU
		{19FE0682-DA56-49F5-8C04-ECA06CC08F4B}.Release|Any CPU.Build.0 = Release|Any CPU
		{91E8098A-55F2-47A7-9AEE-2F16C27ECBD6}.Debug|Any CPU.ActiveCfg = Debug|Any CPU
		{91E8098A-55F2-47A7-9AEE-2F16C27ECBD6}.Debug|Any CPU.Build.0 = Debug|Any CPU
		{91E8098A-55F2-47A7-9AEE-2F16C27ECBD6}.Release|Any CPU.ActiveCfg = Release|Any CPU
		{91E8098A-55F2-47A7-9AEE-2F16C27ECBD6}.Release|Any CPU.Build.0 = Release|Any CPU
		{F5612765-B863-4BE0-B691-9DCBC6DF733B}.Debug|Any CPU.ActiveCfg = Debug|Any CPU
		{F5612765-B863-4BE0-B691-9DCBC6DF733B}.Debug|Any CPU.Build.0 = Debug|Any CPU
		{F5612765-B863-4BE0-B691-9DCBC6DF733B}.Release|Any CPU.ActiveCfg = Release|Any CPU
		{F5612765-B863-4BE0-B691-9DCBC6DF733B}.Release|Any CPU.Build.0 = Release|Any CPU
		{F16D6DF7-3085-4100-A71C-CE88E9A9FB5D}.Debug|Any CPU.ActiveCfg = Debug|Any CPU
		{F16D6DF7-3085-4100-A71C-CE88E9A9FB5D}.Debug|Any CPU.Build.0 = Debug|Any CPU
		{F16D6DF7-3085-4100-A71C-CE88E9A9FB5D}.Release|Any CPU.ActiveCfg = Release|Any CPU
		{F16D6DF7-3085-4100-A71C-CE88E9A9FB5D}.Release|Any CPU.Build.0 = Release|Any CPU
		{C38C006F-89B8-4076-BFFC-F0AA99FB8560}.Debug|Any CPU.ActiveCfg = Debug|Any CPU
		{C38C006F-89B8-4076-BFFC-F0AA99FB8560}.Debug|Any CPU.Build.0 = Debug|Any CPU
		{C38C006F-89B8-4076-BFFC-F0AA99FB8560}.Release|Any CPU.ActiveCfg = Release|Any CPU
		{C38C006F-89B8-4076-BFFC-F0AA99FB8560}.Release|Any CPU.Build.0 = Release|Any CPU
		{A5969EF2-0466-400F-87D4-DB56E2193566}.Debug|Any CPU.ActiveCfg = Debug|Any CPU
		{A5969EF2-0466-400F-87D4-DB56E2193566}.Debug|Any CPU.Build.0 = Debug|Any CPU
		{A5969EF2-0466-400F-87D4-DB56E2193566}.Release|Any CPU.ActiveCfg = Release|Any CPU
		{A5969EF2-0466-400F-87D4-DB56E2193566}.Release|Any CPU.Build.0 = Release|Any CPU
		{52E9B743-6764-4BD5-9DE2-A8FC2A743E23}.Debug|Any CPU.ActiveCfg = Debug|Any CPU
		{52E9B743-6764-4BD5-9DE2-A8FC2A743E23}.Debug|Any CPU.Build.0 = Debug|Any CPU
		{52E9B743-6764-4BD5-9DE2-A8FC2A743E23}.Release|Any CPU.ActiveCfg = Release|Any CPU
		{52E9B743-6764-4BD5-9DE2-A8FC2A743E23}.Release|Any CPU.Build.0 = Release|Any CPU
		{E77FC7F6-3324-4CA4-8354-A04E0DE8C74A}.Debug|Any CPU.ActiveCfg = Debug|Any CPU
		{E77FC7F6-3324-4CA4-8354-A04E0DE8C74A}.Debug|Any CPU.Build.0 = Debug|Any CPU
		{E77FC7F6-3324-4CA4-8354-A04E0DE8C74A}.Release|Any CPU.ActiveCfg = Release|Any CPU
		{E77FC7F6-3324-4CA4-8354-A04E0DE8C74A}.Release|Any CPU.Build.0 = Release|Any CPU
	EndGlobalSection
	GlobalSection(SolutionProperties) = preSolution
		HideSolutionNode = FALSE
	EndGlobalSection
	GlobalSection(NestedProjects) = preSolution
		{F16D6DF7-3085-4100-A71C-CE88E9A9FB5D} = {A5E8A3D4-EA0F-42EF-B78C-4340E430DF42}
		{C38C006F-89B8-4076-BFFC-F0AA99FB8560} = {A5E8A3D4-EA0F-42EF-B78C-4340E430DF42}
		{3C8BC355-5D8D-4FDA-AD17-2FC163B92A4C} = {A5E8A3D4-EA0F-42EF-B78C-4340E430DF42}
		{A5969EF2-0466-400F-87D4-DB56E2193566} = {A5E8A3D4-EA0F-42EF-B78C-4340E430DF42}
		{E77FC7F6-3324-4CA4-8354-A04E0DE8C74A} = {A5E8A3D4-EA0F-42EF-B78C-4340E430DF42}
	EndGlobalSection
	GlobalSection(ExtensibilityGlobals) = postSolution
		SolutionGuid = {B4A2A141-1065-4BB6-ACF1-8FFD44878732}
	EndGlobalSection
EndGlobal
